
Microsoft Visual Studio Solution File, Format Version 12.00
# Visual Studio Version 16
VisualStudioVersion = 16.0.30320.27
MinimumVisualStudioVersion = 10.0.40219.1
Project("{9A19103F-16F7-4668-BE54-9A1E7A4F7556}") = "FileSearchApp", "FileSearchApp\FileSearchApp.csproj", "{35C9EF86-85A8-4EC4-A6F0-074CC7165266}"
EndProject
Global
	GlobalSection(SolutionConfigurationPlatforms) = preSolution
		Debug|Any CPU = Debug|Any CPU
		Release|Any CPU = Release|Any CPU
	EndGlobalSection
	GlobalSection(ProjectConfigurationPlatforms) = postSolution
		{35C9EF86-85A8-4EC4-A6F0-074CC7165266}.Debug|Any CPU.ActiveCfg = Debug|Any CPU
		{35C9EF86-85A8-4EC4-A6F0-074CC7165266}.Debug|Any CPU.Build.0 = Debug|Any CPU
		{35C9EF86-85A8-4EC4-A6F0-074CC7165266}.Release|Any CPU.ActiveCfg = Release|Any CPU
		{35C9EF86-85A8-4EC4-A6F0-074CC7165266}.Release|Any CPU.Build.0 = Release|Any CPU
	EndGlobalSection
	GlobalSection(SolutionProperties) = preSolution
		HideSolutionNode = FALSE
	EndGlobalSection
	GlobalSection(ExtensibilityGlobals) = postSolution
		SolutionGuid = {B02BF2C6-4234-4791-A531-CCF986AA129A}
	EndGlobalSection
EndGlobal
